
Microsoft Visual Studio Solution File, Format Version 12.00
# Visual Studio Version 17
VisualStudioVersion = 17.4.33110.190
MinimumVisualStudioVersion = 10.0.40219.1
Project("{9A19103F-16F7-4668-BE54-9A1E7A4F7556}") = "Ejercicio03", "Ejercicio03.csproj", "{B66B7638-942F-410B-ABFF-CC09126C1283}"
EndProject
Global
	GlobalSection(SolutionConfigurationPlatforms) = preSolution
		Debug|Any CPU = Debug|Any CPU
		Release|Any CPU = Release|Any CPU
	EndGlobalSection
	GlobalSection(ProjectConfigurationPlatforms) = postSolution
		{B66B7638-942F-410B-ABFF-CC09126C1283}.Debug|Any CPU.ActiveCfg = Debug|Any CPU
		{B66B7638-942F-410B-ABFF-CC09126C1283}.Debug|Any CPU.Build.0 = Debug|Any CPU
		{B66B7638-942F-410B-ABFF-CC09126C1283}.Release|Any CPU.ActiveCfg = Release|Any CPU
		{B66B7638-942F-410B-ABFF-CC09126C1283}.Release|Any CPU.Build.0 = Release|Any CPU
	EndGlobalSection
	GlobalSection(SolutionProperties) = preSolution
		HideSolutionNode = FALSE
	EndGlobalSection
	GlobalSection(ExtensibilityGlobals) = postSolution
		SolutionGuid = {11AB9C89-5DD1-424F-A09E-C3CCD0CA86A9}
	EndGlobalSection
EndGlobal
